
Microsoft Visual Studio Solution File, Format Version 12.00
# Visual Studio Version 17
VisualStudioVersion = 17.8.34525.116
MinimumVisualStudioVersion = 10.0.40219.1
Project("{FAE04EC0-301F-11D3-BF4B-00C04F79EFBC}") = "st10083869.prog7312.poe", "st10083869.prog7312.poe\st10083869.prog7312.poe.csproj", "{A3933591-68F8-4053-9D5C-BA2CB8DB5748}"
EndProject
Global
	GlobalSection(SolutionConfigurationPlatforms) = preSolution
		Debug|Any CPU = Debug|Any CPU
		Release|Any CPU = Release|Any CPU
	EndGlobalSection
	GlobalSection(ProjectConfigurationPlatforms) = postSolution
		{A3933591-68F8-4053-9D5C-BA2CB8DB5748}.Debug|Any CPU.ActiveCfg = Debug|Any CPU
		{A3933591-68F8-4053-9D5C-BA2CB8DB5748}.Debug|Any CPU.Build.0 = Debug|Any CPU
		{A3933591-68F8-4053-9D5C-BA2CB8DB5748}.Release|Any CPU.ActiveCfg = Release|Any CPU
		{A3933591-68F8-4053-9D5C-BA2CB8DB5748}.Release|Any CPU.Build.0 = Release|Any CPU
	EndGlobalSection
	GlobalSection(SolutionProperties) = preSolution
		HideSolutionNode = FALSE
	EndGlobalSection
	GlobalSection(ExtensibilityGlobals) = postSolution
		SolutionGuid = {B45FC68B-0FE0-4798-AC22-9D5C27E1594C}
	EndGlobalSection
EndGlobal
